
Microsoft Visual Studio Solution File, Format Version 12.00
# Visual Studio Version 17
VisualStudioVersion = 17.7.34031.279
MinimumVisualStudioVersion = 10.0.40219.1
Project("{9A19103F-16F7-4668-BE54-9A1E7A4F7556}") = "bai3", "lt8\bai3.csproj", "{8CEBC698-5F9E-46E9-AB52-D944C5D8CB16}"
EndProject
Project("{FAE04EC0-301F-11D3-BF4B-00C04F79EFBC}") = "bài 1", "bài 1\bài 1.csproj", "{BD09C276-3A3F-4BA1-9AC5-1E6E6F474EB8}"
EndProject
Project("{FAE04EC0-301F-11D3-BF4B-00C04F79EFBC}") = "bai2", "bai2\bai2.csproj", "{850C0834-FE94-48E4-8DCE-555FC325C82C}"
EndProject
Global
	GlobalSection(SolutionConfigurationPlatforms) = preSolution
		Debug|Any CPU = Debug|Any CPU
		Release|Any CPU = Release|Any CPU
	EndGlobalSection
	GlobalSection(ProjectConfigurationPlatforms) = postSolution
		{8CEBC698-5F9E-46E9-AB52-D944C5D8CB16}.Debug|Any CPU.ActiveCfg = Debug|Any CPU
		{8CEBC698-5F9E-46E9-AB52-D944C5D8CB16}.Debug|Any CPU.Build.0 = Debug|Any CPU
		{8CEBC698-5F9E-46E9-AB52-D944C5D8CB16}.Release|Any CPU.ActiveCfg = Release|Any CPU
		{8CEBC698-5F9E-46E9-AB52-D944C5D8CB16}.Release|Any CPU.Build.0 = Release|Any CPU
		{BD09C276-3A3F-4BA1-9AC5-1E6E6F474EB8}.Debug|Any CPU.ActiveCfg = Debug|Any CPU
		{BD09C276-3A3F-4BA1-9AC5-1E6E6F474EB8}.Debug|Any CPU.Build.0 = Debug|Any CPU
		{BD09C276-3A3F-4BA1-9AC5-1E6E6F474EB8}.Release|Any CPU.ActiveCfg = Release|Any CPU
		{BD09C276-3A3F-4BA1-9AC5-1E6E6F474EB8}.Release|Any CPU.Build.0 = Release|Any CPU
		{850C0834-FE94-48E4-8DCE-555FC325C82C}.Debug|Any CPU.ActiveCfg = Debug|Any CPU
		{850C0834-FE94-48E4-8DCE-555FC325C82C}.Debug|Any CPU.Build.0 = Debug|Any CPU
		{850C0834-FE94-48E4-8DCE-555FC325C82C}.Release|Any CPU.ActiveCfg = Release|Any CPU
		{850C0834-FE94-48E4-8DCE-555FC325C82C}.Release|Any CPU.Build.0 = Release|Any CPU
	EndGlobalSection
	GlobalSection(SolutionProperties) = preSolution
		HideSolutionNode = FALSE
	EndGlobalSection
	GlobalSection(ExtensibilityGlobals) = postSolution
		SolutionGuid = {A63D19AE-1739-4F4B-A933-133DB865C6B8}
	EndGlobalSection
EndGlobal
